
Microsoft Visual Studio Solution File, Format Version 12.00
# Visual Studio Version 17
VisualStudioVersion = 17.11.35312.102
MinimumVisualStudioVersion = 10.0.40219.1
Project("{FAE04EC0-301F-11D3-BF4B-00C04F79EFBC}") = "MinhasCompras", "MinhasCompras\MinhasCompras.csproj", "{63540C1C-19E7-4D42-8878-F7B78CADAABF}"
EndProject
Global
	GlobalSection(SolutionConfigurationPlatforms) = preSolution
		Debug|Any CPU = Debug|Any CPU
		Release|Any CPU = Release|Any CPU
	EndGlobalSection
	GlobalSection(ProjectConfigurationPlatforms) = postSolution
		{63540C1C-19E7-4D42-8878-F7B78CADAABF}.Debug|Any CPU.ActiveCfg = Debug|Any CPU
		{63540C1C-19E7-4D42-8878-F7B78CADAABF}.Debug|Any CPU.Build.0 = Debug|Any CPU
		{63540C1C-19E7-4D42-8878-F7B78CADAABF}.Debug|Any CPU.Deploy.0 = Debug|Any CPU
		{63540C1C-19E7-4D42-8878-F7B78CADAABF}.Release|Any CPU.ActiveCfg = Release|Any CPU
		{63540C1C-19E7-4D42-8878-F7B78CADAABF}.Release|Any CPU.Build.0 = Release|Any CPU
		{63540C1C-19E7-4D42-8878-F7B78CADAABF}.Release|Any CPU.Deploy.0 = Release|Any CPU
	EndGlobalSection
	GlobalSection(SolutionProperties) = preSolution
		HideSolutionNode = FALSE
	EndGlobalSection
	GlobalSection(ExtensibilityGlobals) = postSolution
		SolutionGuid = {E1B6AA7B-4838-4344-80A3-08DF99F929F8}
	EndGlobalSection
EndGlobal
